
Microsoft Visual Studio Solution File, Format Version 12.00
# Visual Studio Version 17
VisualStudioVersion = 17.8.34330.188
MinimumVisualStudioVersion = 10.0.40219.1
Project("{FAE04EC0-301F-11D3-BF4B-00C04F79EFBC}") = "SozlukWebApp", "SozlukWebApp\SozlukWebApp.csproj", "{750D5193-B1F1-497B-B6D1-EFC9208B6161}"
EndProject
Project("{FAE04EC0-301F-11D3-BF4B-00C04F79EFBC}") = "DataAccessLayer", "DataAccessLayer\DataAccessLayer.csproj", "{465A3ADE-D625-4908-9A5A-3BBC92E26E91}"
EndProject
Global
	GlobalSection(SolutionConfigurationPlatforms) = preSolution
		Debug|Any CPU = Debug|Any CPU
		Release|Any CPU = Release|Any CPU
	EndGlobalSection
	GlobalSection(ProjectConfigurationPlatforms) = postSolution
		{750D5193-B1F1-497B-B6D1-EFC9208B6161}.Debug|Any CPU.ActiveCfg = Debug|Any CPU
		{750D5193-B1F1-497B-B6D1-EFC9208B6161}.Debug|Any CPU.Build.0 = Debug|Any CPU
		{750D5193-B1F1-497B-B6D1-EFC9208B6161}.Release|Any CPU.ActiveCfg = Release|Any CPU
		{750D5193-B1F1-497B-B6D1-EFC9208B6161}.Release|Any CPU.Build.0 = Release|Any CPU
		{465A3ADE-D625-4908-9A5A-3BBC92E26E91}.Debug|Any CPU.ActiveCfg = Debug|Any CPU
		{465A3ADE-D625-4908-9A5A-3BBC92E26E91}.Debug|Any CPU.Build.0 = Debug|Any CPU
		{465A3ADE-D625-4908-9A5A-3BBC92E26E91}.Release|Any CPU.ActiveCfg = Release|Any CPU
		{465A3ADE-D625-4908-9A5A-3BBC92E26E91}.Release|Any CPU.Build.0 = Release|Any CPU
	EndGlobalSection
	GlobalSection(SolutionProperties) = preSolution
		HideSolutionNode = FALSE
	EndGlobalSection
	GlobalSection(ExtensibilityGlobals) = postSolution
		SolutionGuid = {6914E261-3294-4D63-906F-2BC721A5B9C4}
	EndGlobalSection
EndGlobal
